
Microsoft Visual Studio Solution File, Format Version 12.00
# Visual Studio 15
VisualStudioVersion = 15.0.28307.572
MinimumVisualStudioVersion = 10.0.40219.1
Project("{FAE04EC0-301F-11D3-BF4B-00C04F79EFBC}") = "GroupDocs.Conversion.MVC", "src\GroupDocs.Conversion.MVC.csproj", "{B881FE76-330D-4B38-8524-29A439CA3D79}"
EndProject
Project("{FAE04EC0-301F-11D3-BF4B-00C04F79EFBC}") = "GroupDocs.Conversion.MVC.Test", "GroupDocs.Conversion.MVC.Test\GroupDocs.Conversion.MVC.Test.csproj", "{C8F2EDB6-BD6C-465F-B59F-2CEA33BD7FE6}"
EndProject
Global
	GlobalSection(SolutionConfigurationPlatforms) = preSolution
		Debug|Any CPU = Debug|Any CPU
		Release|Any CPU = Release|Any CPU
	EndGlobalSection
	GlobalSection(ProjectConfigurationPlatforms) = postSolution
		{B881FE76-330D-4B38-8524-29A439CA3D79}.Debug|Any CPU.ActiveCfg = Debug|Any CPU
		{B881FE76-330D-4B38-8524-29A439CA3D79}.Debug|Any CPU.Build.0 = Debug|Any CPU
		{B881FE76-330D-4B38-8524-29A439CA3D79}.Release|Any CPU.ActiveCfg = Release|Any CPU
		{B881FE76-330D-4B38-8524-29A439CA3D79}.Release|Any CPU.Build.0 = Release|Any CPU
		{C8F2EDB6-BD6C-465F-B59F-2CEA33BD7FE6}.Debug|Any CPU.ActiveCfg = Debug|Any CPU
		{C8F2EDB6-BD6C-465F-B59F-2CEA33BD7FE6}.Debug|Any CPU.Build.0 = Debug|Any CPU
		{C8F2EDB6-BD6C-465F-B59F-2CEA33BD7FE6}.Release|Any CPU.ActiveCfg = Release|Any CPU
		{C8F2EDB6-BD6C-465F-B59F-2CEA33BD7FE6}.Release|Any CPU.Build.0 = Release|Any CPU
	EndGlobalSection
	GlobalSection(SolutionProperties) = preSolution
		HideSolutionNode = FALSE
	EndGlobalSection
	GlobalSection(ExtensibilityGlobals) = postSolution
		SolutionGuid = {A79CFA08-F2B7-433E-B167-F401655A1567}
	EndGlobalSection
EndGlobal
