
Microsoft Visual Studio Solution File, Format Version 12.00
# Visual Studio 2012
Project("{FAE04EC0-301F-11D3-BF4B-00C04F79EFBC}") = "GroupDocsConversionMVCDemo", "GroupDocsConversionMVCDemo\GroupDocsConversionMVCDemo.csproj", "{D05BFA34-B99A-4F7D-95AC-0A718443699E}"
EndProject
Project("{FAE04EC0-301F-11D3-BF4B-00C04F79EFBC}") = "GroupDocsConversionMVCDemoWithProgress", "GroupDocsConversionMVCDemoWithProgress\GroupDocsConversionMVCDemoWithProgress.csproj", "{88EF44CA-9F36-4F51-8FAD-CAB3B1ED1D24}"
EndProject
Project("{FAE04EC0-301F-11D3-BF4B-00C04F79EFBC}") = "GroupDocsConversionWebFormsDemoWithProgress", "GroupDocsConversionWebFormsDemoWithProgress\GroupDocsConversionWebFormsDemoWithProgress.csproj", "{8EC6B3ED-1EF7-4FCF-A616-D8C97EEC25A3}"
EndProject
Project("{FAE04EC0-301F-11D3-BF4B-00C04F79EFBC}") = "GroupdocsConversionWebFormsDemo", "GroupDocsConversionWebFormsDemo\GroupdocsConversionWebFormsDemo.csproj", "{7E4B197E-0316-46C4-975E-C1025D07B42C}"
EndProject
Global
	GlobalSection(SolutionConfigurationPlatforms) = preSolution
		Debug|Any CPU = Debug|Any CPU
		Release|Any CPU = Release|Any CPU
	EndGlobalSection
	GlobalSection(ProjectConfigurationPlatforms) = postSolution
		{D05BFA34-B99A-4F7D-95AC-0A718443699E}.Debug|Any CPU.ActiveCfg = Debug|Any CPU
		{D05BFA34-B99A-4F7D-95AC-0A718443699E}.Debug|Any CPU.Build.0 = Debug|Any CPU
		{D05BFA34-B99A-4F7D-95AC-0A718443699E}.Release|Any CPU.ActiveCfg = Release|Any CPU
		{D05BFA34-B99A-4F7D-95AC-0A718443699E}.Release|Any CPU.Build.0 = Release|Any CPU
		{88EF44CA-9F36-4F51-8FAD-CAB3B1ED1D24}.Debug|Any CPU.ActiveCfg = Debug|Any CPU
		{88EF44CA-9F36-4F51-8FAD-CAB3B1ED1D24}.Debug|Any CPU.Build.0 = Debug|Any CPU
		{88EF44CA-9F36-4F51-8FAD-CAB3B1ED1D24}.Release|Any CPU.ActiveCfg = Release|Any CPU
		{88EF44CA-9F36-4F51-8FAD-CAB3B1ED1D24}.Release|Any CPU.Build.0 = Release|Any CPU
		{8EC6B3ED-1EF7-4FCF-A616-D8C97EEC25A3}.Debug|Any CPU.ActiveCfg = Debug|Any CPU
		{8EC6B3ED-1EF7-4FCF-A616-D8C97EEC25A3}.Debug|Any CPU.Build.0 = Debug|Any CPU
		{8EC6B3ED-1EF7-4FCF-A616-D8C97EEC25A3}.Release|Any CPU.ActiveCfg = Release|Any CPU
		{8EC6B3ED-1EF7-4FCF-A616-D8C97EEC25A3}.Release|Any CPU.Build.0 = Release|Any CPU
		{7E4B197E-0316-46C4-975E-C1025D07B42C}.Debug|Any CPU.ActiveCfg = Debug|Any CPU
		{7E4B197E-0316-46C4-975E-C1025D07B42C}.Debug|Any CPU.Build.0 = Debug|Any CPU
		{7E4B197E-0316-46C4-975E-C1025D07B42C}.Release|Any CPU.ActiveCfg = Release|Any CPU
		{7E4B197E-0316-46C4-975E-C1025D07B42C}.Release|Any CPU.Build.0 = Release|Any CPU
	EndGlobalSection
	GlobalSection(SolutionProperties) = preSolution
		HideSolutionNode = FALSE
	EndGlobalSection
EndGlobal
