
Microsoft Visual Studio Solution File, Format Version 11.00
# Visual Studio 2010
Project("{FAE04EC0-301F-11D3-BF4B-00C04F79EFBC}") = "GroupDocs.Conversion.Examples.CSharp", "CSharp\GroupDocs.Conversion.Examples.CSharp\GroupDocs.Conversion.Examples.CSharp.csproj", "{503C96ED-9EB1-4FBA-84F9-6E80238D6BE9}"
EndProject
Global
	GlobalSection(SolutionConfigurationPlatforms) = preSolution
		Debug|x86 = Debug|x86
		Release|x86 = Release|x86
	EndGlobalSection
	GlobalSection(ProjectConfigurationPlatforms) = postSolution
		{503C96ED-9EB1-4FBA-84F9-6E80238D6BE9}.Debug|x86.ActiveCfg = Debug|x86
		{503C96ED-9EB1-4FBA-84F9-6E80238D6BE9}.Debug|x86.Build.0 = Debug|x86
		{503C96ED-9EB1-4FBA-84F9-6E80238D6BE9}.Release|x86.ActiveCfg = Release|x86
		{503C96ED-9EB1-4FBA-84F9-6E80238D6BE9}.Release|x86.Build.0 = Release|x86
	EndGlobalSection
	GlobalSection(SolutionProperties) = preSolution
		HideSolutionNode = FALSE
	EndGlobalSection
EndGlobal
