
Microsoft Visual Studio Solution File, Format Version 12.00
# Visual Studio 15
VisualStudioVersion = 15.0.27004.2002
MinimumVisualStudioVersion = 10.0.40219.1
Project("{FAE04EC0-301F-11D3-BF4B-00C04F79EFBC}") = "GroupDocs.Conversion.Live.Demos.UI", "src\GroupDocs.Conversion.Live.Demos.UI\GroupDocs.Conversion.Live.Demos.UI.csproj", "{7B91A108-6B38-435B-B0F9-043CF789ECB1}"
EndProject
Global
	GlobalSection(SolutionConfigurationPlatforms) = preSolution
		Debug|Any CPU = Debug|Any CPU
		Release|Any CPU = Release|Any CPU
		Staging|Any CPU = Staging|Any CPU
	EndGlobalSection
	GlobalSection(ProjectConfigurationPlatforms) = postSolution
		{7B91A108-6B38-435B-B0F9-043CF789ECB1}.Debug|Any CPU.ActiveCfg = Debug|Any CPU
		{7B91A108-6B38-435B-B0F9-043CF789ECB1}.Debug|Any CPU.Build.0 = Debug|Any CPU
		{7B91A108-6B38-435B-B0F9-043CF789ECB1}.Release|Any CPU.ActiveCfg = Release|Any CPU
		{7B91A108-6B38-435B-B0F9-043CF789ECB1}.Release|Any CPU.Build.0 = Release|Any CPU
		{7B91A108-6B38-435B-B0F9-043CF789ECB1}.Staging|Any CPU.ActiveCfg = Staging|Any CPU
		{7B91A108-6B38-435B-B0F9-043CF789ECB1}.Staging|Any CPU.Build.0 = Staging|Any CPU
	EndGlobalSection
	GlobalSection(SolutionProperties) = preSolution
		HideSolutionNode = FALSE
	EndGlobalSection
	GlobalSection(ExtensibilityGlobals) = postSolution
		SolutionGuid = {A88EA196-6BAD-4AD7-8F6B-58DEE5CC4812}
	EndGlobalSection
EndGlobal
